lockfileVersion: '9.0'

settings:
  autoInstallPeers: true
  excludeLinksFromLockfile: false

importers:

  .:
    dependencies:
      '@tanstack/react-query':
        specifier: ^5.62.7
        version: 5.62.7(react@19.0.0)
      framer-motion:
        specifier: ^11.14.4
        version: 11.14.4(react-dom@19.0.0(react@19.0.0))(react@19.0.0)
      react-icons:
        specifier: ^5.4.0
        version: 5.4.0(react@19.0.0)
      react-router:
        specifier: ^6.28.0
        version: 6.28.0(react@19.0.0)
      react-router-dom:
        specifier: ^6.28.0
        version: 6.28.0(react-dom@19.0.0(react@19.0.0))(react@19.0.0)

packages:

  '@remix-run/router@1.21.0':
    resolution: {integrity: sha512-xfSkCAchbdG5PnbrKqFWwia4Bi61nH+wm8wLEqfHDyp7Y3dZzgqS2itV8i4gAq9pC2HsTpwyBC6Ds8VHZ96JlA==}
    engines: {node: '>=14.0.0'}

  '@tanstack/query-core@5.62.7':
    resolution: {integrity: sha512-fgpfmwatsrUal6V+8EC2cxZIQVl9xvL7qYa03gsdsCy985UTUlS4N+/3hCzwR0PclYDqisca2AqR1BVgJGpUDA==}

  '@tanstack/react-query@5.62.7':
    resolution: {integrity: sha512-+xCtP4UAFDTlRTYyEjLx0sRtWyr5GIk7TZjZwBu4YaNahi3Rt2oMyRqfpfVrtwsqY2sayP4iXVCwmC+ZqqFmuw==}
    peerDependencies:
      react: ^18 || ^19

  framer-motion@11.14.4:
    resolution: {integrity: sha512-NQuzr9JbeJDMQmy0FFLhLzk9h1kAjVC1tGE/HY4ubF02B95EBm2lpA21LE3Od/OpXqXgp0zl5Hdqu25hliBRsA==}
    peerDependencies:
      '@emotion/is-prop-valid': '*'
      react: ^18.0.0 || ^19.0.0
      react-dom: ^18.0.0 || ^19.0.0
    peerDependenciesMeta:
      '@emotion/is-prop-valid':
        optional: true
      react:
        optional: true
      react-dom:
        optional: true

  motion-dom@11.14.3:
    resolution: {integrity: sha512-lW+D2wBy5vxLJi6aCP0xyxTxlTfiu+b+zcpVbGVFUxotwThqhdpPRSmX8xztAgtZMPMeU0WGVn/k1w4I+TbPqA==}

  motion-utils@11.14.3:
    resolution: {integrity: sha512-Xg+8xnqIJTpr0L/cidfTTBFkvRw26ZtGGuIhA94J9PQ2p4mEa06Xx7QVYZH0BP+EpMSaDlu+q0I0mmvwADPsaQ==}

  react-dom@19.0.0:
    resolution: {integrity: sha512-4GV5sHFG0e/0AD4X+ySy6UJd3jVl1iNsNHdpad0qhABJ11twS3TTBnseqsKurKcsNqCEFeGL3uLpVChpIO3QfQ==}
    peerDependencies:
      react: ^19.0.0

  react-icons@5.4.0:
    resolution: {integrity: sha512-7eltJxgVt7X64oHh6wSWNwwbKTCtMfK35hcjvJS0yxEAhPM8oUKdS3+kqaW1vicIltw+kR2unHaa12S9pPALoQ==}
    peerDependencies:
      react: '*'

  react-router-dom@6.28.0:
    resolution: {integrity: sha512-kQ7Unsl5YdyOltsPGl31zOjLrDv+m2VcIEcIHqYYD3Lp0UppLjrzcfJqDJwXxFw3TH/yvapbnUvPlAj7Kx5nbg==}
    engines: {node: '>=14.0.0'}
    peerDependencies:
      react: '>=16.8'
      react-dom: '>=16.8'

  react-router@6.28.0:
    resolution: {integrity: sha512-HrYdIFqdrnhDw0PqG/AKjAqEqM7AvxCz0DQ4h2W8k6nqmc5uRBYDag0SBxx9iYz5G8gnuNVLzUe13wl9eAsXXg==}
    engines: {node: '>=14.0.0'}
    peerDependencies:
      react: '>=16.8'

  react@19.0.0:
    resolution: {integrity: sha512-V8AVnmPIICiWpGfm6GLzCR/W5FXLchHop40W4nXBmdlEceh16rCN8O8LNWm5bh5XUX91fh7KpA+W0TgMKmgTpQ==}
    engines: {node: '>=0.10.0'}

  scheduler@0.25.0:
    resolution: {integrity: sha512-xFVuu11jh+xcO7JOAGJNOXld8/TcEHK/4CituBUeUb5hqxJLj9YuemAEuvm9gQ/+pgXYfbQuqAkiYu+u7YEsNA==}

  tslib@2.8.1:
    resolution: {integrity: sha512-oJFu94HQb+KVduSUQL7wnpmqnfmLsOA/nAh6b6EH0wCEoK0/mPeXU6c3wKDV83MkOuHPRHtSXKKU99IBazS/2w==}

snapshots:

  '@remix-run/router@1.21.0': {}

  '@tanstack/query-core@5.62.7': {}

  '@tanstack/react-query@5.62.7(react@19.0.0)':
    dependencies:
      '@tanstack/query-core': 5.62.7
      react: 19.0.0

  framer-motion@11.14.4(react-dom@19.0.0(react@19.0.0))(react@19.0.0):
    dependencies:
      motion-dom: 11.14.3
      motion-utils: 11.14.3
      tslib: 2.8.1
    optionalDependencies:
      react: 19.0.0
      react-dom: 19.0.0(react@19.0.0)

  motion-dom@11.14.3: {}

  motion-utils@11.14.3: {}

  react-dom@19.0.0(react@19.0.0):
    dependencies:
      react: 19.0.0
      scheduler: 0.25.0

  react-icons@5.4.0(react@19.0.0):
    dependencies:
      react: 19.0.0

  react-router-dom@6.28.0(react-dom@19.0.0(react@19.0.0))(react@19.0.0):
    dependencies:
      '@remix-run/router': 1.21.0
      react: 19.0.0
      react-dom: 19.0.0(react@19.0.0)
      react-router: 6.28.0(react@19.0.0)

  react-router@6.28.0(react@19.0.0):
    dependencies:
      '@remix-run/router': 1.21.0
      react: 19.0.0

  react@19.0.0: {}

  scheduler@0.25.0: {}

  tslib@2.8.1: {}
